// !$*UTF8*$!
{
	archiveVersion = 1;
	classes = {
	};
	objectVersion = 55;
	objects = {

/* Begin PBXBuildFile section */
		39A7D293B05B329D0BBDB584 /* Pods_YXFMDB.framework in Frameworks */ = {isa = PBXBuildFile; fileRef = 74B4CC9F7291FCB5449095C3 /* Pods_YXFMDB.framework */; };
		91C9455E2931D2A300119B54 /* AppDelegate.m in Sources */ = {isa = PBXBuildFile; fileRef = 91C9455D2931D2A300119B54 /* AppDelegate.m */; };
		91C945612931D2A300119B54 /* SceneDelegate.m in Sources */ = {isa = PBXBuildFile; fileRef = 91C945602931D2A300119B54 /* SceneDelegate.m */; };
		91C945642931D2A300119B54 /* ViewController.m in Sources */ = {isa = PBXBuildFile; fileRef = 91C945632931D2A300119B54 /* ViewController.m */; };
		91C945672931D2A300119B54 /* Main.storyboard in Resources */ = {isa = PBXBuildFile; fileRef = 91C945652931D2A300119B54 /* Main.storyboard */; };
		91C945692931D2A500119B54 /* Assets.xcassets in Resources */ = {isa = PBXBuildFile; fileRef = 91C945682931D2A500119B54 /* Assets.xcassets */; };
		91C9456C2931D2A500119B54 /* LaunchScreen.storyboard in Resources */ = {isa = PBXBuildFile; fileRef = 91C9456A2931D2A500119B54 /* LaunchScreen.storyboard */; };
		91C9456F2931D2A500119B54 /* main.m in Sources */ = {isa = PBXBuildFile; fileRef = 91C9456E2931D2A500119B54 /* main.m */; };
		91C945792931D2A500119B54 /* YXFMDBTests.m in Sources */ = {isa = PBXBuildFile; fileRef = 91C945782931D2A500119B54 /* YXFMDBTests.m */; };
		91C945832931D2A500119B54 /* YXFMDBUITests.m in Sources */ = {isa = PBXBuildFile; fileRef = 91C945822931D2A500119B54 /* YXFMDBUITests.m */; };
		91C945852931D2A500119B54 /* YXFMDBUITestsLaunchTests.m in Sources */ = {isa = PBXBuildFile; fileRef = 91C945842931D2A500119B54 /* YXFMDBUITestsLaunchTests.m */; };
		91C945952931E49900119B54 /* YXFMDB.m in Sources */ = {isa = PBXBuildFile; fileRef = 91C945942931E49900119B54 /* YXFMDB.m */; };
		91C945982931E6DE00119B54 /* YXPersion.m in Sources */ = {isa = PBXBuildFile; fileRef = 91C945972931E6DE00119B54 /* YXPersion.m */; };
/* End PBXBuildFile section */

/* Begin PBXContainerItemProxy section */
		91C945752931D2A500119B54 /* PBXContainerItemProxy */ = {
			isa = PBXContainerItemProxy;
			containerPortal = 91C945512931D2A300119B54 /* Project object */;
			proxyType = 1;
			remoteGlobalIDString = 91C945582931D2A300119B54;
			remoteInfo = YXFMDB;
		};
		91C9457F2931D2A500119B54 /* PBXContainerItemProxy */ = {
			isa = PBXContainerItemProxy;
			containerPortal = 91C945512931D2A300119B54 /* Project object */;
			proxyType = 1;
			remoteGlobalIDString = 91C945582931D2A300119B54;
			remoteInfo = YXFMDB;
		};
/* End PBXContainerItemProxy section */

/* Begin PBXFileReference section */
		74B4CC9F7291FCB5449095C3 /* Pods_YXFMDB.framework */ = {isa = PBXFileReference; explicitFileType = wrapper.framework; includeInIndex = 0; path = Pods_YXFMDB.framework; sourceTree = BUILT_PRODUCTS_DIR; };
		91C945592931D2A300119B54 /* YXFMDB.app */ = {isa = PBXFileReference; explicitFileType = wrapper.application; includeInIndex = 0; path = YXFMDB.app; sourceTree = BUILT_PRODUCTS_DIR; };
		91C9455C2931D2A300119B54 /* AppDelegate.h */ = {isa = PBXFileReference; lastKnownFileType = sourcecode.c.h; path = AppDelegate.h; sourceTree = "<group>"; };
		91C9455D2931D2A300119B54 /* AppDelegate.m */ = {isa = PBXFileReference; lastKnownFileType = sourcecode.c.objc; path = AppDelegate.m; sourceTree = "<group>"; };
		91C9455F2931D2A300119B54 /* SceneDelegate.h */ = {isa = PBXFileReference; lastKnownFileType = sourcecode.c.h; path = SceneDelegate.h; sourceTree = "<group>"; };
		91C945602931D2A300119B54 /* SceneDelegate.m */ = {isa = PBXFileReference; lastKnownFileType = sourcecode.c.objc; path = SceneDelegate.m; sourceTree = "<group>"; };
		91C945622931D2A300119B54 /* ViewController.h */ = {isa = PBXFileReference; lastKnownFileType = sourcecode.c.h; path = ViewController.h; sourceTree = "<group>"; };
		91C945632931D2A300119B54 /* ViewController.m */ = {isa = PBXFileReference; lastKnownFileType = sourcecode.c.objc; path = ViewController.m; sourceTree = "<group>"; };
		91C945662931D2A300119B54 /* Base */ = {isa = PBXFileReference; lastKnownFileType = file.storyboard; name = Base; path = Base.lproj/Main.storyboard; sourceTree = "<group>"; };
		91C945682931D2A500119B54 /* Assets.xcassets */ = {isa = PBXFileReference; lastKnownFileType = folder.assetcatalog; path = Assets.xcassets; sourceTree = "<group>"; };
		91C9456B2931D2A500119B54 /* Base */ = {isa = PBXFileReference; lastKnownFileType = file.storyboard; name = Base; path = Base.lproj/LaunchScreen.storyboard; sourceTree = "<group>"; };
		91C9456D2931D2A500119B54 /* Info.plist */ = {isa = PBXFileReference; lastKnownFileType = text.plist.xml; path = Info.plist; sourceTree = "<group>"; };
		91C9456E2931D2A500119B54 /* main.m */ = {isa = PBXFileReference; lastKnownFileType = sourcecode.c.objc; path = main.m; sourceTree = "<group>"; };
		91C945742931D2A500119B54 /* YXFMDBTests.xctest */ = {isa = PBXFileReference; explicitFileType = wrapper.cfbundle; includeInIndex = 0; path = YXFMDBTests.xctest; sourceTree = BUILT_PRODUCTS_DIR; };
		91C945782931D2A500119B54 /* YXFMDBTests.m */ = {isa = PBXFileReference; lastKnownFileType = sourcecode.c.objc; path = YXFMDBTests.m; sourceTree = "<group>"; };
		91C9457E2931D2A500119B54 /* YXFMDBUITests.xctest */ = {isa = PBXFileReference; explicitFileType = wrapper.cfbundle; includeInIndex = 0; path = YXFMDBUITests.xctest; sourceTree = BUILT_PRODUCTS_DIR; };
		91C945822931D2A500119B54 /* YXFMDBUITests.m */ = {isa = PBXFileReference; lastKnownFileType = sourcecode.c.objc; path = YXFMDBUITests.m; sourceTree = "<group>"; };
		91C945842931D2A500119B54 /* YXFMDBUITestsLaunchTests.m */ = {isa = PBXFileReference; lastKnownFileType = sourcecode.c.objc; path = YXFMDBUITestsLaunchTests.m; sourceTree = "<group>"; };
		91C945932931E49900119B54 /* YXFMDB.h */ = {isa = PBXFileReference; lastKnownFileType = sourcecode.c.h; path = YXFMDB.h; sourceTree = "<group>"; };
		91C945942931E49900119B54 /* YXFMDB.m */ = {isa = PBXFileReference; lastKnownFileType = sourcecode.c.objc; path = YXFMDB.m; sourceTree = "<group>"; };
		91C945962931E6DE00119B54 /* YXPersion.h */ = {isa = PBXFileReference; lastKnownFileType = sourcecode.c.h; path = YXPersion.h; sourceTree = "<group>"; };
		91C945972931E6DE00119B54 /* YXPersion.m */ = {isa = PBXFileReference; lastKnownFileType = sourcecode.c.objc; path = YXPersion.m; sourceTree = "<group>"; };
		CDE5BA0FFD68B8DE7723126E /* Pods-YXFMDB.release.xcconfig */ = {isa = PBXFileReference; includeInIndex = 1; lastKnownFileType = text.xcconfig; name = "Pods-YXFMDB.release.xcconfig"; path = "Target Support Files/Pods-YXFMDB/Pods-YXFMDB.release.xcconfig"; sourceTree = "<group>"; };
		DF404FF0E35FD3CF371CDC0A /* Pods-YXFMDB.debug.xcconfig */ = {isa = PBXFileReference; includeInIndex = 1; lastKnownFileType = text.xcconfig; name = "Pods-YXFMDB.debug.xcconfig"; path = "Target Support Files/Pods-YXFMDB/Pods-YXFMDB.debug.xcconfig"; sourceTree = "<group>"; };
/* End PBXFileReference section */

/* Begin PBXFrameworksBuildPhase section */
		91C945562931D2A300119B54 /* Frameworks */ = {
			isa = PBXFrameworksBuildPhase;
			buildActionMask = 2147483647;
			files = (
				39A7D293B05B329D0BBDB584 /* Pods_YXFMDB.framework in Frameworks */,
			);
			runOnlyForDeploymentPostprocessing = 0;
		};
		91C945712931D2A500119B54 /* Frameworks */ = {
			isa = PBXFrameworksBuildPhase;
			buildActionMask = 2147483647;
			files = (
			);
			runOnlyForDeploymentPostprocessing = 0;
		};
		91C9457B2931D2A500119B54 /* Frameworks */ = {
			isa = PBXFrameworksBuildPhase;
			buildActionMask = 2147483647;
			files = (
			);
			runOnlyForDeploymentPostprocessing = 0;
		};
/* End PBXFrameworksBuildPhase section */

/* Begin PBXGroup section */
		0D193E7A7AA5EE683DAD20AC /* Frameworks */ = {
			isa = PBXGroup;
			children = (
				74B4CC9F7291FCB5449095C3 /* Pods_YXFMDB.framework */,
			);
			name = Frameworks;
			sourceTree = "<group>";
		};
		7E2CA91A1171C89E8B9E52FF /* Pods */ = {
			isa = PBXGroup;
			children = (
				DF404FF0E35FD3CF371CDC0A /* Pods-YXFMDB.debug.xcconfig */,
				CDE5BA0FFD68B8DE7723126E /* Pods-YXFMDB.release.xcconfig */,
			);
			path = Pods;
			sourceTree = "<group>";
		};
		91C945502931D2A300119B54 = {
			isa = PBXGroup;
			children = (
				91C9455B2931D2A300119B54 /* YXFMDB */,
				91C945772931D2A500119B54 /* YXFMDBTests */,
				91C945812931D2A500119B54 /* YXFMDBUITests */,
				91C9455A2931D2A300119B54 /* Products */,
				7E2CA91A1171C89E8B9E52FF /* Pods */,
				0D193E7A7AA5EE683DAD20AC /* Frameworks */,
			);
			sourceTree = "<group>";
		};
		91C9455A2931D2A300119B54 /* Products */ = {
			isa = PBXGroup;
			children = (
				91C945592931D2A300119B54 /* YXFMDB.app */,
				91C945742931D2A500119B54 /* YXFMDBTests.xctest */,
				91C9457E2931D2A500119B54 /* YXFMDBUITests.xctest */,
			);
			name = Products;
			sourceTree = "<group>";
		};
		91C9455B2931D2A300119B54 /* YXFMDB */ = {
			isa = PBXGroup;
			children = (
				91C945922931E47300119B54 /* YXFMDB */,
				91C9455C2931D2A300119B54 /* AppDelegate.h */,
				91C9455D2931D2A300119B54 /* AppDelegate.m */,
				91C9455F2931D2A300119B54 /* SceneDelegate.h */,
				91C945602931D2A300119B54 /* SceneDelegate.m */,
				91C945622931D2A300119B54 /* ViewController.h */,
				91C945632931D2A300119B54 /* ViewController.m */,
				91C945962931E6DE00119B54 /* YXPersion.h */,
				91C945972931E6DE00119B54 /* YXPersion.m */,
				91C945652931D2A300119B54 /* Main.storyboard */,
				91C945682931D2A500119B54 /* Assets.xcassets */,
				91C9456A2931D2A500119B54 /* LaunchScreen.storyboard */,
				91C9456D2931D2A500119B54 /* Info.plist */,
				91C9456E2931D2A500119B54 /* main.m */,
			);
			path = YXFMDB;
			sourceTree = "<group>";
		};
		91C945772931D2A500119B54 /* YXFMDBTests */ = {
			isa = PBXGroup;
			children = (
				91C945782931D2A500119B54 /* YXFMDBTests.m */,
			);
			path = YXFMDBTests;
			sourceTree = "<group>";
		};
		91C945812931D2A500119B54 /* YXFMDBUITests */ = {
			isa = PBXGroup;
			children = (
				91C945822931D2A500119B54 /* YXFMDBUITests.m */,
				91C945842931D2A500119B54 /* YXFMDBUITestsLaunchTests.m */,
			);
			path = YXFMDBUITests;
			sourceTree = "<group>";
		};
		91C945922931E47300119B54 /* YXFMDB */ = {
			isa = PBXGroup;
			children = (
				91C945932931E49900119B54 /* YXFMDB.h */,
				91C945942931E49900119B54 /* YXFMDB.m */,
			);
			path = YXFMDB;
			sourceTree = "<group>";
		};
/* End PBXGroup section */

/* Begin PBXNativeTarget section */
		91C945582931D2A300119B54 /* YXFMDB */ = {
			isa = PBXNativeTarget;
			buildConfigurationList = 91C945882931D2A500119B54 /* Build configuration list for PBXNativeTarget "YXFMDB" */;
			buildPhases = (
				0A1D8A45B099ED8A489BE5B2 /* [CP] Check Pods Manifest.lock */,
				91C945552931D2A300119B54 /* Sources */,
				91C945562931D2A300119B54 /* Frameworks */,
				91C945572931D2A300119B54 /* Resources */,
				5D03FCD27C0B044C8B0563E3 /* [CP] Embed Pods Frameworks */,
			);
			buildRules = (
			);
			dependencies = (
			);
			name = YXFMDB;
			productName = YXFMDB;
			productReference = 91C945592931D2A300119B54 /* YXFMDB.app */;
			productType = "com.apple.product-type.application";
		};
		91C945732931D2A500119B54 /* YXFMDBTests */ = {
			isa = PBXNativeTarget;
			buildConfigurationList = 91C9458B2931D2A500119B54 /* Build configuration list for PBXNativeTarget "YXFMDBTests" */;
			buildPhases = (
				91C945702931D2A500119B54 /* Sources */,
				91C945712931D2A500119B54 /* Frameworks */,
				91C945722931D2A500119B54 /* Resources */,
			);
			buildRules = (
			);
			dependencies = (
				91C945762931D2A500119B54 /* PBXTargetDependency */,
			);
			name = YXFMDBTests;
			productName = YXFMDBTests;
			productReference = 91C945742931D2A500119B54 /* YXFMDBTests.xctest */;
			productType = "com.apple.product-type.bundle.unit-test";
		};
		91C9457D2931D2A500119B54 /* YXFMDBUITests */ = {
			isa = PBXNativeTarget;
			buildConfigurationList = 91C9458E2931D2A500119B54 /* Build configuration list for PBXNativeTarget "YXFMDBUITests" */;
			buildPhases = (
				91C9457A2931D2A500119B54 /* Sources */,
				91C9457B2931D2A500119B54 /* Frameworks */,
				91C9457C2931D2A500119B54 /* Resources */,
			);
			buildRules = (
			);
			dependencies = (
				91C945802931D2A500119B54 /* PBXTargetDependency */,
			);
			name = YXFMDBUITests;
			productName = YXFMDBUITests;
			productReference = 91C9457E2931D2A500119B54 /* YXFMDBUITests.xctest */;
			productType = "com.apple.product-type.bundle.ui-testing";
		};
/* End PBXNativeTarget section */

/* Begin PBXProject section */
		91C945512931D2A300119B54 /* Project object */ = {
			isa = PBXProject;
			attributes = {
				BuildIndependentTargetsInParallel = 1;
				LastUpgradeCheck = 1340;
				TargetAttributes = {
					91C945582931D2A300119B54 = {
						CreatedOnToolsVersion = 13.4;
					};
					91C945732931D2A500119B54 = {
						CreatedOnToolsVersion = 13.4;
						TestTargetID = 91C945582931D2A300119B54;
					};
					91C9457D2931D2A500119B54 = {
						CreatedOnToolsVersion = 13.4;
						TestTargetID = 91C945582931D2A300119B54;
					};
				};
			};
			buildConfigurationList = 91C945542931D2A300119B54 /* Build configuration list for PBXProject "YXFMDB" */;
			compatibilityVersion = "Xcode 13.0";
			developmentRegion = en;
			hasScannedForEncodings = 0;
			knownRegions = (
				en,
				Base,
			);
			mainGroup = 91C945502931D2A300119B54;
			productRefGroup = 91C9455A2931D2A300119B54 /* Products */;
			projectDirPath = "";
			projectRoot = "";
			targets = (
				91C945582931D2A300119B54 /* YXFMDB */,
				91C945732931D2A500119B54 /* YXFMDBTests */,
				91C9457D2931D2A500119B54 /* YXFMDBUITests */,
			);
		};
/* End PBXProject section */

/* Begin PBXResourcesBuildPhase section */
		91C945572931D2A300119B54 /* Resources */ = {
			isa = PBXResourcesBuildPhase;
			buildActionMask = 2147483647;
			files = (
				91C9456C2931D2A500119B54 /* LaunchScreen.storyboard in Resources */,
				91C945692931D2A500119B54 /* Assets.xcassets in Resources */,
				91C945672931D2A300119B54 /* Main.storyboard in Resources */,
			);
			runOnlyForDeploymentPostprocessing = 0;
		};
		91C945722931D2A500119B54 /* Resources */ = {
			isa = PBXResourcesBuildPhase;
			buildActionMask = 2147483647;
			files = (
			);
			runOnlyForDeploymentPostprocessing = 0;
		};
		91C9457C2931D2A500119B54 /* Resources */ = {
			isa = PBXResourcesBuildPhase;
			buildActionMask = 2147483647;
			files = (
			);
			runOnlyForDeploymentPostprocessing = 0;
		};
/* End PBXResourcesBuildPhase section */

/* Begin PBXShellScriptBuildPhase section */
		0A1D8A45B099ED8A489BE5B2 /* [CP] Check Pods Manifest.lock */ = {
			isa = PBXShellScriptBuildPhase;
			buildActionMask = 2147483647;
			files = (
			);
			inputFileListPaths = (
			);
			inputPaths = (
				"${PODS_PODFILE_DIR_PATH}/Podfile.lock",
				"${PODS_ROOT}/Manifest.lock",
			);
			name = "[CP] Check Pods Manifest.lock";
			outputFileListPaths = (
			);
			outputPaths = (
				"$(DERIVED_FILE_DIR)/Pods-YXFMDB-checkManifestLockResult.txt",
			);
			runOnlyForDeploymentPostprocessing = 0;
			shellPath = /bin/sh;
			shellScript = "diff \"${PODS_PODFILE_DIR_PATH}/Podfile.lock\" \"${PODS_ROOT}/Manifest.lock\" > /dev/null\nif [ $? != 0 ] ; then\n    # print error to STDERR\n    echo \"error: The sandbox is not in sync with the Podfile.lock. Run 'pod install' or update your CocoaPods installation.\" >&2\n    exit 1\nfi\n# This output is used by Xcode 'outputs' to avoid re-running this script phase.\necho \"SUCCESS\" > \"${SCRIPT_OUTPUT_FILE_0}\"\n";
			showEnvVarsInLog = 0;
		};
		5D03FCD27C0B044C8B0563E3 /* [CP] Embed Pods Frameworks */ = {
			isa = PBXShellScriptBuildPhase;
			buildActionMask = 2147483647;
			files = (
			);
			inputFileListPaths = (
				"${PODS_ROOT}/Target Support Files/Pods-YXFMDB/Pods-YXFMDB-frameworks-${CONFIGURATION}-input-files.xcfilelist",
			);
			name = "[CP] Embed Pods Frameworks";
			outputFileListPaths = (
				"${PODS_ROOT}/Target Support Files/Pods-YXFMDB/Pods-YXFMDB-frameworks-${CONFIGURATION}-output-files.xcfilelist",
			);
			runOnlyForDeploymentPostprocessing = 0;
			shellPath = /bin/sh;
			shellScript = "\"${PODS_ROOT}/Target Support Files/Pods-YXFMDB/Pods-YXFMDB-frameworks.sh\"\n";
			showEnvVarsInLog = 0;
		};
/* End PBXShellScriptBuildPhase section */

/* Begin PBXSourcesBuildPhase section */
		91C945552931D2A300119B54 /* Sources */ = {
			isa = PBXSourcesBuildPhase;
			buildActionMask = 2147483647;
			files = (
				91C945642931D2A300119B54 /* ViewController.m in Sources */,
				91C945982931E6DE00119B54 /* YXPersion.m in Sources */,
				91C9455E2931D2A300119B54 /* AppDelegate.m in Sources */,
				91C945952931E49900119B54 /* YXFMDB.m in Sources */,
				91C9456F2931D2A500119B54 /* main.m in Sources */,
				91C945612931D2A300119B54 /* SceneDelegate.m in Sources */,
			);
			runOnlyForDeploymentPostprocessing = 0;
		};
		91C945702931D2A500119B54 /* Sources */ = {
			isa = PBXSourcesBuildPhase;
			buildActionMask = 2147483647;
			files = (
				91C945792931D2A500119B54 /* YXFMDBTests.m in Sources */,
			);
			runOnlyForDeploymentPostprocessing = 0;
		};
		91C9457A2931D2A500119B54 /* Sources */ = {
			isa = PBXSourcesBuildPhase;
			buildActionMask = 2147483647;
			files = (
				91C945852931D2A500119B54 /* YXFMDBUITestsLaunchTests.m in Sources */,
				91C945832931D2A500119B54 /* YXFMDBUITests.m in Sources */,
			);
			runOnlyForDeploymentPostprocessing = 0;
		};
/* End PBXSourcesBuildPhase section */

/* Begin PBXTargetDependency section */
		91C945762931D2A500119B54 /* PBXTargetDependency */ = {
			isa = PBXTargetDependency;
			target = 91C945582931D2A300119B54 /* YXFMDB */;
			targetProxy = 91C945752931D2A500119B54 /* PBXContainerItemProxy */;
		};
		91C945802931D2A500119B54 /* PBXTargetDependency */ = {
			isa = PBXTargetDependency;
			target = 91C945582931D2A300119B54 /* YXFMDB */;
			targetProxy = 91C9457F2931D2A500119B54 /* PBXContainerItemProxy */;
		};
/* End PBXTargetDependency section */

/* Begin PBXVariantGroup section */
		91C945652931D2A300119B54 /* Main.storyboard */ = {
			isa = PBXVariantGroup;
			children = (
				91C945662931D2A300119B54 /* Base */,
			);
			name = Main.storyboard;
			sourceTree = "<group>";
		};
		91C9456A2931D2A500119B54 /* LaunchScreen.storyboard */ = {
			isa = PBXVariantGroup;
			children = (
				91C9456B2931D2A500119B54 /* Base */,
			);
			name = LaunchScreen.storyboard;
			sourceTree = "<group>";
		};
/* End PBXVariantGroup section */

/* Begin XCBuildConfiguration section */
		91C945862931D2A500119B54 /* Debug */ = {
			isa = XCBuildConfiguration;
			buildSettings = {
				ALWAYS_SEARCH_USER_PATHS = NO;
				CLANG_ANALYZER_NONNULL = YES;
				CLANG_ANALYZER_NUMBER_OBJECT_CONVERSION = YES_AGGRESSIVE;
				CLANG_CXX_LANGUAGE_STANDARD = "gnu++17";
				CLANG_ENABLE_MODULES = YES;
				CLANG_ENABLE_OBJC_ARC = YES;
				CLANG_ENABLE_OBJC_WEAK = YES;
				CLANG_WARN_BLOCK_CAPTURE_AUTORELEASING = YES;
				CLANG_WARN_BOOL_CONVERSION = YES;
				CLANG_WARN_COMMA = YES;
				CLANG_WARN_CONSTANT_CONVERSION = YES;
				CLANG_WARN_DEPRECATED_OBJC_IMPLEMENTATIONS = YES;
				CLANG_WARN_DIRECT_OBJC_ISA_USAGE = YES_ERROR;
				CLANG_WARN_DOCUMENTATION_COMMENTS = YES;
				CLANG_WARN_EMPTY_BODY = YES;
				CLANG_WARN_ENUM_CONVERSION = YES;
				CLANG_WARN_INFINITE_RECURSION = YES;
				CLANG_WARN_INT_CONVERSION = YES;
				CLANG_WARN_NON_LITERAL_NULL_CONVERSION = YES;
				CLANG_WARN_OBJC_IMPLICIT_RETAIN_SELF = YES;
				CLANG_WARN_OBJC_LITERAL_CONVERSION = YES;
				CLANG_WARN_OBJC_ROOT_CLASS = YES_ERROR;
				CLANG_WARN_QUOTED_INCLUDE_IN_FRAMEWORK_HEADER = YES;
				CLANG_WARN_RANGE_LOOP_ANALYSIS = YES;
				CLANG_WARN_STRICT_PROTOTYPES = YES;
				CLANG_WARN_SUSPICIOUS_MOVE = YES;
				CLANG_WARN_UNGUARDED_AVAILABILITY = YES_AGGRESSIVE;
				CLANG_WARN_UNREACHABLE_CODE = YES;
				CLANG_WARN__DUPLICATE_METHOD_MATCH = YES;
				COPY_PHASE_STRIP = NO;
				DEBUG_INFORMATION_FORMAT = dwarf;
				ENABLE_STRICT_OBJC_MSGSEND = YES;
				ENABLE_TESTABILITY = YES;
				GCC_C_LANGUAGE_STANDARD = gnu11;
				GCC_DYNAMIC_NO_PIC = NO;
				GCC_NO_COMMON_BLOCKS = YES;
				GCC_OPTIMIZATION_LEVEL = 0;
				GCC_PREPROCESSOR_DEFINITIONS = (
					"DEBUG=1",
					"$(inherited)",
				);
				GCC_WARN_64_TO_32_BIT_CONVERSION = YES;
				GCC_WARN_ABOUT_RETURN_TYPE = YES_ERROR;
				GCC_WARN_UNDECLARED_SELECTOR = YES;
				GCC_WARN_UNINITIALIZED_AUTOS = YES_AGGRESSIVE;
				GCC_WARN_UNUSED_FUNCTION = YES;
				GCC_WARN_UNUSED_VARIABLE = YES;
				IPHONEOS_DEPLOYMENT_TARGET = 12.0;
				MTL_ENABLE_DEBUG_INFO = INCLUDE_SOURCE;
				MTL_FAST_MATH = YES;
				ONLY_ACTIVE_ARCH = YES;
				SDKROOT = iphoneos;
			};
			name = Debug;
		};
		91C945872931D2A500119B54 /* Release */ = {
			isa = XCBuildConfiguration;
			buildSettings = {
				ALWAYS_SEARCH_USER_PATHS = NO;
				CLANG_ANALYZER_NONNULL = YES;
				CLANG_ANALYZER_NUMBER_OBJECT_CONVERSION = YES_AGGRESSIVE;
				CLANG_CXX_LANGUAGE_STANDARD = "gnu++17";
				CLANG_ENABLE_MODULES = YES;
				CLANG_ENABLE_OBJC_ARC = YES;
				CLANG_ENABLE_OBJC_WEAK = YES;
				CLANG_WARN_BLOCK_CAPTURE_AUTORELEASING = YES;
				CLANG_WARN_BOOL_CONVERSION = YES;
				CLANG_WARN_COMMA = YES;
				CLANG_WARN_CONSTANT_CONVERSION = YES;
				CLANG_WARN_DEPRECATED_OBJC_IMPLEMENTATIONS = YES;
				CLANG_WARN_DIRECT_OBJC_ISA_USAGE = YES_ERROR;
				CLANG_WARN_DOCUMENTATION_COMMENTS = YES;
				CLANG_WARN_EMPTY_BODY = YES;
				CLANG_WARN_ENUM_CONVERSION = YES;
				CLANG_WARN_INFINITE_RECURSION = YES;
				CLANG_WARN_INT_CONVERSION = YES;
				CLANG_WARN_NON_LITERAL_NULL_CONVERSION = YES;
				CLANG_WARN_OBJC_IMPLICIT_RETAIN_SELF = YES;
				CLANG_WARN_OBJC_LITERAL_CONVERSION = YES;
				CLANG_WARN_OBJC_ROOT_CLASS = YES_ERROR;
				CLANG_WARN_QUOTED_INCLUDE_IN_FRAMEWORK_HEADER = YES;
				CLANG_WARN_RANGE_LOOP_ANALYSIS = YES;
				CLANG_WARN_STRICT_PROTOTYPES = YES;
				CLANG_WARN_SUSPICIOUS_MOVE = YES;
				CLANG_WARN_UNGUARDED_AVAILABILITY = YES_AGGRESSIVE;
				CLANG_WARN_UNREACHABLE_CODE = YES;
				CLANG_WARN__DUPLICATE_METHOD_MATCH = YES;
				COPY_PHASE_STRIP = NO;
				DEBUG_INFORMATION_FORMAT = "dwarf-with-dsym";
				ENABLE_NS_ASSERTIONS = NO;
				ENABLE_STRICT_OBJC_MSGSEND = YES;
				GCC_C_LANGUAGE_STANDARD = gnu11;
				GCC_NO_COMMON_BLOCKS = YES;
				GCC_WARN_64_TO_32_BIT_CONVERSION = YES;
				GCC_WARN_ABOUT_RETURN_TYPE = YES_ERROR;
				GCC_WARN_UNDECLARED_SELECTOR = YES;
				GCC_WARN_UNINITIALIZED_AUTOS = YES_AGGRESSIVE;
				GCC_WARN_UNUSED_FUNCTION = YES;
				GCC_WARN_UNUSED_VARIABLE = YES;
				IPHONEOS_DEPLOYMENT_TARGET = 12.0;
				MTL_ENABLE_DEBUG_INFO = NO;
				MTL_FAST_MATH = YES;
				SDKROOT = iphoneos;
				VALIDATE_PRODUCT = YES;
			};
			name = Release;
		};
		91C945892931D2A500119B54 /* Debug */ = {
			isa = XCBuildConfiguration;
			baseConfigurationReference = DF404FF0E35FD3CF371CDC0A /* Pods-YXFMDB.debug.xcconfig */;
			buildSettings = {
				ASSETCATALOG_COMPILER_APPICON_NAME = AppIcon;
				ASSETCATALOG_COMPILER_GLOBAL_ACCENT_COLOR_NAME = AccentColor;
				CODE_SIGN_STYLE = Automatic;
				CURRENT_PROJECT_VERSION = 1;
				GENERATE_INFOPLIST_FILE = YES;
				INFOPLIST_FILE = YXFMDB/Info.plist;
				INFOPLIST_KEY_UIApplicationSupportsIndirectInputEvents = YES;
				INFOPLIST_KEY_UILaunchStoryboardName = LaunchScreen;
				INFOPLIST_KEY_UIMainStoryboardFile = Main;
				INFOPLIST_KEY_UISupportedInterfaceOrientations_iPad = "UIInterfaceOrientationPortrait UIInterfaceOrientationPortraitUpsideDown UIInterfaceOrientationLandscapeLeft UIInterfaceOrientationLandscapeRight";
				INFOPLIST_KEY_UISupportedInterfaceOrientations_iPhone = "UIInterfaceOrientationPortrait UIInterfaceOrientationLandscapeLeft UIInterfaceOrientationLandscapeRight";
				IPHONEOS_DEPLOYMENT_TARGET = 12.0;
				LD_RUNPATH_SEARCH_PATHS = (
					"$(inherited)",
					"@executable_path/Frameworks",
				);
				MARKETING_VERSION = 1.0;
				PRODUCT_BUNDLE_IDENTIFIER = com.yx.fmdb.YXFMDB;
				PRODUCT_NAME = "$(TARGET_NAME)";
				SWIFT_EMIT_LOC_STRINGS = YES;
				TARGETED_DEVICE_FAMILY = "1,2";
			};
			name = Debug;
		};
		91C9458A2931D2A500119B54 /* Release */ = {
			isa = XCBuildConfiguration;
			baseConfigurationReference = CDE5BA0FFD68B8DE7723126E /* Pods-YXFMDB.release.xcconfig */;
			buildSettings = {
				ASSETCATALOG_COMPILER_APPICON_NAME = AppIcon;
				ASSETCATALOG_COMPILER_GLOBAL_ACCENT_COLOR_NAME = AccentColor;
				CODE_SIGN_STYLE = Automatic;
				CURRENT_PROJECT_VERSION = 1;
				GENERATE_INFOPLIST_FILE = YES;
				INFOPLIST_FILE = YXFMDB/Info.plist;
				INFOPLIST_KEY_UIApplicationSupportsIndirectInputEvents = YES;
				INFOPLIST_KEY_UILaunchStoryboardName = LaunchScreen;
				INFOPLIST_KEY_UIMainStoryboardFile = Main;
				INFOPLIST_KEY_UISupportedInterfaceOrientations_iPad = "UIInterfaceOrientationPortrait UIInterfaceOrientationPortraitUpsideDown UIInterfaceOrientationLandscapeLeft UIInterfaceOrientationLandscapeRight";
				INFOPLIST_KEY_UISupportedInterfaceOrientations_iPhone = "UIInterfaceOrientationPortrait UIInterfaceOrientationLandscapeLeft UIInterfaceOrientationLandscapeRight";
				IPHONEOS_DEPLOYMENT_TARGET = 12.0;
				LD_RUNPATH_SEARCH_PATHS = (
					"$(inherited)",
					"@executable_path/Frameworks",
				);
				MARKETING_VERSION = 1.0;
				PRODUCT_BUNDLE_IDENTIFIER = com.yx.fmdb.YXFMDB;
				PRODUCT_NAME = "$(TARGET_NAME)";
				SWIFT_EMIT_LOC_STRINGS = YES;
				TARGETED_DEVICE_FAMILY = "1,2";
			};
			name = Release;
		};
		91C9458C2931D2A500119B54 /* Debug */ = {
			isa = XCBuildConfiguration;
			buildSettings = {
				BUNDLE_LOADER = "$(TEST_HOST)";
				CODE_SIGN_STYLE = Automatic;
				CURRENT_PROJECT_VERSION = 1;
				GENERATE_INFOPLIST_FILE = YES;
				IPHONEOS_DEPLOYMENT_TARGET = 15.5;
				MARKETING_VERSION = 1.0;
				PRODUCT_BUNDLE_IDENTIFIER = com.yx.fmdb.YXFMDBTests;
				PRODUCT_NAME = "$(TARGET_NAME)";
				SWIFT_EMIT_LOC_STRINGS = NO;
				TARGETED_DEVICE_FAMILY = "1,2";
				TEST_HOST = "$(BUILT_PRODUCTS_DIR)/YXFMDB.app/YXFMDB";
			};
			name = Debug;
		};
		91C9458D2931D2A500119B54 /* Release */ = {
			isa = XCBuildConfiguration;
			buildSettings = {
				BUNDLE_LOADER = "$(TEST_HOST)";
				CODE_SIGN_STYLE = Automatic;
				CURRENT_PROJECT_VERSION = 1;
				GENERATE_INFOPLIST_FILE = YES;
				IPHONEOS_DEPLOYMENT_TARGET = 15.5;
				MARKETING_VERSION = 1.0;
				PRODUCT_BUNDLE_IDENTIFIER = com.yx.fmdb.YXFMDBTests;
				PRODUCT_NAME = "$(TARGET_NAME)";
				SWIFT_EMIT_LOC_STRINGS = NO;
				TARGETED_DEVICE_FAMILY = "1,2";
				TEST_HOST = "$(BUILT_PRODUCTS_DIR)/YXFMDB.app/YXFMDB";
			};
			name = Release;
		};
		91C9458F2931D2A500119B54 /* Debug */ = {
			isa = XCBuildConfiguration;
			buildSettings = {
				CODE_SIGN_STYLE = Automatic;
				CURRENT_PROJECT_VERSION = 1;
				GENERATE_INFOPLIST_FILE = YES;
				MARKETING_VERSION = 1.0;
				PRODUCT_BUNDLE_IDENTIFIER = com.yx.fmdb.YXFMDBUITests;
				PRODUCT_NAME = "$(TARGET_NAME)";
				SWIFT_EMIT_LOC_STRINGS = NO;
				TARGETED_DEVICE_FAMILY = "1,2";
				TEST_TARGET_NAME = YXFMDB;
			};
			name = Debug;
		};
		91C945902931D2A500119B54 /* Release */ = {
			isa = XCBuildConfiguration;
			buildSettings = {
				CODE_SIGN_STYLE = Automatic;
				CURRENT_PROJECT_VERSION = 1;
				GENERATE_INFOPLIST_FILE = YES;
				MARKETING_VERSION = 1.0;
				PRODUCT_BUNDLE_IDENTIFIER = com.yx.fmdb.YXFMDBUITests;
				PRODUCT_NAME = "$(TARGET_NAME)";
				SWIFT_EMIT_LOC_STRINGS = NO;
				TARGETED_DEVICE_FAMILY = "1,2";
				TEST_TARGET_NAME = YXFMDB;
			};
			name = Release;
		};
/* End XCBuildConfiguration section */

/* Begin XCConfigurationList section */
		91C945542931D2A300119B54 /* Build configuration list for PBXProject "YXFMDB" */ = {
			isa = XCConfigurationList;
			buildConfigurations = (
				91C945862931D2A500119B54 /* Debug */,
				91C945872931D2A500119B54 /* Release */,
			);
			defaultConfigurationIsVisible = 0;
			defaultConfigurationName = Release;
		};
		91C945882931D2A500119B54 /* Build configuration list for PBXNativeTarget "YXFMDB" */ = {
			isa = XCConfigurationList;
			buildConfigurations = (
				91C945892931D2A500119B54 /* Debug */,
				91C9458A2931D2A500119B54 /* Release */,
			);
			defaultConfigurationIsVisible = 0;
			defaultConfigurationName = Release;
		};
		91C9458B2931D2A500119B54 /* Build configuration list for PBXNativeTarget "YXFMDBTests" */ = {
			isa = XCConfigurationList;
			buildConfigurations = (
				91C9458C2931D2A500119B54 /* Debug */,
				91C9458D2931D2A500119B54 /* Release */,
			);
			defaultConfigurationIsVisible = 0;
			defaultConfigurationName = Release;
		};
		91C9458E2931D2A500119B54 /* Build configuration list for PBXNativeTarget "YXFMDBUITests" */ = {
			isa = XCConfigurationList;
			buildConfigurations = (
				91C9458F2931D2A500119B54 /* Debug */,
				91C945902931D2A500119B54 /* Release */,
			);
			defaultConfigurationIsVisible = 0;
			defaultConfigurationName = Release;
		};
/* End XCConfigurationList section */
	};
	rootObject = 91C945512931D2A300119B54 /* Project object */;
}
